
Microsoft Visual Studio Solution File, Format Version 12.00
# Visual Studio 15
VisualStudioVersion = 15.0.26730.12
MinimumVisualStudioVersion = 10.0.40219.1
Project("{8BC9CEB8-8B4A-11D0-8D11-00A0C91BC942}") = "Day01", "Basic\Basic.vcxproj", "{1155ADF3-37B6-46EF-8761-A172414592C7}"
EndProject
Project("{8BC9CEB8-8B4A-11D0-8D11-00A0C91BC942}") = "Day02", "Chatper2\Chatper2.vcxproj", "{1E01023A-5A3B-4897-8A27-CBB6A9974944}"
EndProject
Project("{8BC9CEB8-8B4A-11D0-8D11-00A0C91BC942}") = "Day03", "Chapter4\Chapter4.vcxproj", "{EE82E025-A39A-49FC-9C01-A11568AD1356}"
EndProject
Project("{8BC9CEB8-8B4A-11D0-8D11-00A0C91BC942}") = "Day04", "Day04\Day04.vcxproj", "{EAAA29E1-CBEE-4EB7-82DF-450312B4B559}"
EndProject
Project("{8BC9CEB8-8B4A-11D0-8D11-00A0C91BC942}") = "Day05", "Day05\Day05.vcxproj", "{150A0F3A-CEB7-481D-8EAA-DE6105A11586}"
EndProject
Project("{8BC9CEB8-8B4A-11D0-8D11-00A0C91BC942}") = "Day05_Quiz", "Day05_Quiz\Day05_Quiz.vcxproj", "{F9C54DD4-AC40-4DD5-8C55-552E50912AC4}"
EndProject
Project("{8BC9CEB8-8B4A-11D0-8D11-00A0C91BC942}") = "Baseball", "Baseball\Baseball.vcxproj", "{9367C419-03F1-4A95-9CDA-49B9FD7BF79E}"
EndProject
Project("{8BC9CEB8-8B4A-11D0-8D11-00A0C91BC942}") = "Day06_Quiz", "Day06\Day06.vcxproj", "{FE2E81FE-3FD4-4E2B-9BEB-6ACA332A7BB7}"
EndProject
Project("{8BC9CEB8-8B4A-11D0-8D11-00A0C91BC942}") = "HighLow", "HighLow\HighLow.vcxproj", "{7EEE5FE8-A04B-4769-B5F0-9BF414B1291D}"
EndProject
Project("{8BC9CEB8-8B4A-11D0-8D11-00A0C91BC942}") = "Race", "Race\Race.vcxproj", "{28AC5FC5-2D17-46D9-B24E-A0E727BCF247}"
EndProject
Project("{8BC9CEB8-8B4A-11D0-8D11-00A0C91BC942}") = "Day07", "Day07\Day07.vcxproj", "{A0277190-3276-41E1-AC6C-B3918962F871}"
EndProject
Project("{8BC9CEB8-8B4A-11D0-8D11-00A0C91BC942}") = "Day07_Quiz", "Day07_Quiz\Day07_Quiz.vcxproj", "{881B1CDA-8DAA-497D-A812-FD62CEF1A1BB}"
EndProject
Project("{8BC9CEB8-8B4A-11D0-8D11-00A0C91BC942}") = "Day08_BubbleSort", "Day08_BubbleSort\Day08_BubbleSort.vcxproj", "{03B9E233-B948-4A70-A9A9-5A933C1EDB0F}"
EndProject
Project("{8BC9CEB8-8B4A-11D0-8D11-00A0C91BC942}") = "Day08", "Day08\Day08.vcxproj", "{A02E678F-C25B-4906-97C1-0007A8238904}"
EndProject
Project("{8BC9CEB8-8B4A-11D0-8D11-00A0C91BC942}") = "Day08_Quiz", "Day08_Quiz\Day08_Quiz.vcxproj", "{143E2E31-5B7D-4D54-A4EE-D6F572A3E245}"
EndProject
Project("{8BC9CEB8-8B4A-11D0-8D11-00A0C91BC942}") = "Day09", "Day09\Day09.vcxproj", "{FD7AC8F1-1622-4954-8634-74FAD71D1453}"
EndProject
Project("{8BC9CEB8-8B4A-11D0-8D11-00A0C91BC942}") = "Day09 - 02", "Day09 - 02\Day09 - 02.vcxproj", "{D65E28D8-47CF-4D96-A691-7F8CD7D474F1}"
EndProject
Project("{8BC9CEB8-8B4A-11D0-8D11-00A0C91BC942}") = "Day09_Quiz", "Day09_Quiz\Day09_Quiz.vcxproj", "{875055C5-A9DB-41C5-8F76-7BBA948198BA}"
EndProject
Project("{8BC9CEB8-8B4A-11D0-8D11-00A0C91BC942}") = "Day10", "Day10\Day10.vcxproj", "{ADF32B91-F393-42FD-8751-7CB44314EA4E}"
EndProject
Project("{8BC9CEB8-8B4A-11D0-8D11-00A0C91BC942}") = "Day10_Quiz", "Day10_Quiz\Day10_Quiz.vcxproj", "{1C6AB2D3-FA2F-4EF9-B654-1760D42CC401}"
EndProject
Project("{8BC9CEB8-8B4A-11D0-8D11-00A0C91BC942}") = "Day11", "Day11\Day11.vcxproj", "{6457C10F-236B-47FE-94BD-D2B3E530D4BF}"
EndProject
Project("{8BC9CEB8-8B4A-11D0-8D11-00A0C91BC942}") = "Day11_Quiz", "Day11_Quiz\Day11_Quiz.vcxproj", "{62BF04B1-FE18-4ECF-AED3-09FC4C8D4928}"
EndProject
Project("{8BC9CEB8-8B4A-11D0-8D11-00A0C91BC942}") = "Day12", "Day12\Day12.vcxproj", "{F10CC276-ACB9-4EAD-84CE-5A0F094C0487}"
EndProject
Project("{8BC9CEB8-8B4A-11D0-8D11-00A0C91BC942}") = "NumberToString", "Day12-2\Day12-2.vcxproj", "{6BA0C176-66F4-4955-B9E7-163BE6C2AB5F}"
EndProject
Project("{8BC9CEB8-8B4A-11D0-8D11-00A0C91BC942}") = "Day12_2", "Day12_2\Day12_2.vcxproj", "{93427358-D547-4F67-AE88-F84F073F7DCD}"
EndProject
Project("{8BC9CEB8-8B4A-11D0-8D11-00A0C91BC942}") = "Day13", "Day13\Day13.vcxproj", "{7B63BDAD-6F84-49DC-84B0-762F0A9463E1}"
EndProject
Project("{8BC9CEB8-8B4A-11D0-8D11-00A0C91BC942}") = "Day14", "Day14\Day14.vcxproj", "{D58F0295-6E6C-4165-9220-70A1A9E38AC4}"
EndProject
Project("{8BC9CEB8-8B4A-11D0-8D11-00A0C91BC942}") = "STL_Vector", "STL_Vector\STL_Vector.vcxproj", "{0881A2CA-4B4F-424F-9861-5C2592D020E9}"
EndProject
Global
	GlobalSection(SolutionConfigurationPlatforms) = preSolution
		Debug|x64 = Debug|x64
		Debug|x86 = Debug|x86
		Release|x64 = Release|x64
		Release|x86 = Release|x86
	EndGlobalSection
	GlobalSection(ProjectConfigurationPlatforms) = postSolution
		{1155ADF3-37B6-46EF-8761-A172414592C7}.Debug|x64.ActiveCfg = Debug|x64
		{1155ADF3-37B6-46EF-8761-A172414592C7}.Debug|x64.Build.0 = Debug|x64
		{1155ADF3-37B6-46EF-8761-A172414592C7}.Debug|x86.ActiveCfg = Debug|Win32
		{1155ADF3-37B6-46EF-8761-A172414592C7}.Debug|x86.Build.0 = Debug|Win32
		{1155ADF3-37B6-46EF-8761-A172414592C7}.Release|x64.ActiveCfg = Release|x64
		{1155ADF3-37B6-46EF-8761-A172414592C7}.Release|x64.Build.0 = Release|x64
		{1155ADF3-37B6-46EF-8761-A172414592C7}.Release|x86.ActiveCfg = Release|Win32
		{1155ADF3-37B6-46EF-8761-A172414592C7}.Release|x86.Build.0 = Release|Win32
		{1E01023A-5A3B-4897-8A27-CBB6A9974944}.Debug|x64.ActiveCfg = Debug|x64
		{1E01023A-5A3B-4897-8A27-CBB6A9974944}.Debug|x64.Build.0 = Debug|x64
		{1E01023A-5A3B-4897-8A27-CBB6A9974944}.Debug|x86.ActiveCfg = Debug|Win32
		{1E01023A-5A3B-4897-8A27-CBB6A9974944}.Debug|x86.Build.0 = Debug|Win32
		{1E01023A-5A3B-4897-8A27-CBB6A9974944}.Release|x64.ActiveCfg = Release|x64
		{1E01023A-5A3B-4897-8A27-CBB6A9974944}.Release|x64.Build.0 = Release|x64
		{1E01023A-5A3B-4897-8A27-CBB6A9974944}.Release|x86.ActiveCfg = Release|Win32
		{1E01023A-5A3B-4897-8A27-CBB6A9974944}.Release|x86.Build.0 = Release|Win32
		{EE82E025-A39A-49FC-9C01-A11568AD1356}.Debug|x64.ActiveCfg = Debug|x64
		{EE82E025-A39A-49FC-9C01-A11568AD1356}.Debug|x64.Build.0 = Debug|x64
		{EE82E025-A39A-49FC-9C01-A11568AD1356}.Debug|x86.ActiveCfg = Debug|Win32
		{EE82E025-A39A-49FC-9C01-A11568AD1356}.Debug|x86.Build.0 = Debug|Win32
		{EE82E025-A39A-49FC-9C01-A11568AD1356}.Release|x64.ActiveCfg = Release|x64
		{EE82E025-A39A-49FC-9C01-A11568AD1356}.Release|x64.Build.0 = Release|x64
		{EE82E025-A39A-49FC-9C01-A11568AD1356}.Release|x86.ActiveCfg = Release|Win32
		{EE82E025-A39A-49FC-9C01-A11568AD1356}.Release|x86.Build.0 = Release|Win32
		{EAAA29E1-CBEE-4EB7-82DF-450312B4B559}.Debug|x64.ActiveCfg = Debug|x64
		{EAAA29E1-CBEE-4EB7-82DF-450312B4B559}.Debug|x64.Build.0 = Debug|x64
		{EAAA29E1-CBEE-4EB7-82DF-450312B4B559}.Debug|x86.ActiveCfg = Debug|Win32
		{EAAA29E1-CBEE-4EB7-82DF-450312B4B559}.Debug|x86.Build.0 = Debug|Win32
		{EAAA29E1-CBEE-4EB7-82DF-450312B4B559}.Release|x64.ActiveCfg = Release|x64
		{EAAA29E1-CBEE-4EB7-82DF-450312B4B559}.Release|x64.Build.0 = Release|x64
		{EAAA29E1-CBEE-4EB7-82DF-450312B4B559}.Release|x86.ActiveCfg = Release|Win32
		{EAAA29E1-CBEE-4EB7-82DF-450312B4B559}.Release|x86.Build.0 = Release|Win32
		{150A0F3A-CEB7-481D-8EAA-DE6105A11586}.Debug|x64.ActiveCfg = Debug|x64
		{150A0F3A-CEB7-481D-8EAA-DE6105A11586}.Debug|x64.Build.0 = Debug|x64
		{150A0F3A-CEB7-481D-8EAA-DE6105A11586}.Debug|x86.ActiveCfg = Debug|Win32
		{150A0F3A-CEB7-481D-8EAA-DE6105A11586}.Debug|x86.Build.0 = Debug|Win32
		{150A0F3A-CEB7-481D-8EAA-DE6105A11586}.Release|x64.ActiveCfg = Release|x64
		{150A0F3A-CEB7-481D-8EAA-DE6105A11586}.Release|x64.Build.0 = Release|x64
		{150A0F3A-CEB7-481D-8EAA-DE6105A11586}.Release|x86.ActiveCfg = Release|Win32
		{150A0F3A-CEB7-481D-8EAA-DE6105A11586}.Release|x86.Build.0 = Release|Win32
		{F9C54DD4-AC40-4DD5-8C55-552E50912AC4}.Debug|x64.ActiveCfg = Debug|x64
		{F9C54DD4-AC40-4DD5-8C55-552E50912AC4}.Debug|x64.Build.0 = Debug|x64
		{F9C54DD4-AC40-4DD5-8C55-552E50912AC4}.Debug|x86.ActiveCfg = Debug|Win32
		{F9C54DD4-AC40-4DD5-8C55-552E50912AC4}.Debug|x86.Build.0 = Debug|Win32
		{F9C54DD4-AC40-4DD5-8C55-552E50912AC4}.Release|x64.ActiveCfg = Release|x64
		{F9C54DD4-AC40-4DD5-8C55-552E50912AC4}.Release|x64.Build.0 = Release|x64
		{F9C54DD4-AC40-4DD5-8C55-552E50912AC4}.Release|x86.ActiveCfg = Release|Win32
		{F9C54DD4-AC40-4DD5-8C55-552E50912AC4}.Release|x86.Build.0 = Release|Win32
		{9367C419-03F1-4A95-9CDA-49B9FD7BF79E}.Debug|x64.ActiveCfg = Debug|x64
		{9367C419-03F1-4A95-9CDA-49B9FD7BF79E}.Debug|x64.Build.0 = Debug|x64
		{9367C419-03F1-4A95-9CDA-49B9FD7BF79E}.Debug|x86.ActiveCfg = Debug|Win32
		{9367C419-03F1-4A95-9CDA-49B9FD7BF79E}.Debug|x86.Build.0 = Debug|Win32
		{9367C419-03F1-4A95-9CDA-49B9FD7BF79E}.Release|x64.ActiveCfg = Release|x64
		{9367C419-03F1-4A95-9CDA-49B9FD7BF79E}.Release|x64.Build.0 = Release|x64
		{9367C419-03F1-4A95-9CDA-49B9FD7BF79E}.Release|x86.ActiveCfg = Release|Win32
		{9367C419-03F1-4A95-9CDA-49B9FD7BF79E}.Release|x86.Build.0 = Release|Win32
		{FE2E81FE-3FD4-4E2B-9BEB-6ACA332A7BB7}.Debug|x64.ActiveCfg = Debug|x64
		{FE2E81FE-3FD4-4E2B-9BEB-6ACA332A7BB7}.Debug|x64.Build.0 = Debug|x64
		{FE2E81FE-3FD4-4E2B-9BEB-6ACA332A7BB7}.Debug|x86.ActiveCfg = Debug|Win32
		{FE2E81FE-3FD4-4E2B-9BEB-6ACA332A7BB7}.Debug|x86.Build.0 = Debug|Win32
		{FE2E81FE-3FD4-4E2B-9BEB-6ACA332A7BB7}.Release|x64.ActiveCfg = Release|x64
		{FE2E81FE-3FD4-4E2B-9BEB-6ACA332A7BB7}.Release|x64.Build.0 = Release|x64
		{FE2E81FE-3FD4-4E2B-9BEB-6ACA332A7BB7}.Release|x86.ActiveCfg = Release|Win32
		{FE2E81FE-3FD4-4E2B-9BEB-6ACA332A7BB7}.Release|x86.Build.0 = Release|Win32
		{7EEE5FE8-A04B-4769-B5F0-9BF414B1291D}.Debug|x64.ActiveCfg = Debug|x64
		{7EEE5FE8-A04B-4769-B5F0-9BF414B1291D}.Debug|x64.Build.0 = Debug|x64
		{7EEE5FE8-A04B-4769-B5F0-9BF414B1291D}.Debug|x86.ActiveCfg = Debug|Win32
		{7EEE5FE8-A04B-4769-B5F0-9BF414B1291D}.Debug|x86.Build.0 = Debug|Win32
		{7EEE5FE8-A04B-4769-B5F0-9BF414B1291D}.Release|x64.ActiveCfg = Release|x64
		{7EEE5FE8-A04B-4769-B5F0-9BF414B1291D}.Release|x64.Build.0 = Release|x64
		{7EEE5FE8-A04B-4769-B5F0-9BF414B1291D}.Release|x86.ActiveCfg = Release|Win32
		{7EEE5FE8-A04B-4769-B5F0-9BF414B1291D}.Release|x86.Build.0 = Release|Win32
		{28AC5FC5-2D17-46D9-B24E-A0E727BCF247}.Debug|x64.ActiveCfg = Debug|x64
		{28AC5FC5-2D17-46D9-B24E-A0E727BCF247}.Debug|x64.Build.0 = Debug|x64
		{28AC5FC5-2D17-46D9-B24E-A0E727BCF247}.Debug|x86.ActiveCfg = Debug|Win32
		{28AC5FC5-2D17-46D9-B24E-A0E727BCF247}.Debug|x86.Build.0 = Debug|Win32
		{28AC5FC5-2D17-46D9-B24E-A0E727BCF247}.Release|x64.ActiveCfg = Release|x64
		{28AC5FC5-2D17-46D9-B24E-A0E727BCF247}.Release|x64.Build.0 = Release|x64
		{28AC5FC5-2D17-46D9-B24E-A0E727BCF247}.Release|x86.ActiveCfg = Release|Win32
		{28AC5FC5-2D17-46D9-B24E-A0E727BCF247}.Release|x86.Build.0 = Release|Win32
		{A0277190-3276-41E1-AC6C-B3918962F871}.Debug|x64.ActiveCfg = Debug|x64
		{A0277190-3276-41E1-AC6C-B3918962F871}.Debug|x64.Build.0 = Debug|x64
		{A0277190-3276-41E1-AC6C-B3918962F871}.Debug|x86.ActiveCfg = Debug|Win32
		{A0277190-3276-41E1-AC6C-B3918962F871}.Debug|x86.Build.0 = Debug|Win32
		{A0277190-3276-41E1-AC6C-B3918962F871}.Release|x64.ActiveCfg = Release|x64
		{A0277190-3276-41E1-AC6C-B3918962F871}.Release|x64.Build.0 = Release|x64
		{A0277190-3276-41E1-AC6C-B3918962F871}.Release|x86.ActiveCfg = Release|Win32
		{A0277190-3276-41E1-AC6C-B3918962F871}.Release|x86.Build.0 = Release|Win32
		{881B1CDA-8DAA-497D-A812-FD62CEF1A1BB}.Debug|x64.ActiveCfg = Debug|x64
		{881B1CDA-8DAA-497D-A812-FD62CEF1A1BB}.Debug|x64.Build.0 = Debug|x64
		{881B1CDA-8DAA-497D-A812-FD62CEF1A1BB}.Debug|x86.ActiveCfg = Debug|Win32
		{881B1CDA-8DAA-497D-A812-FD62CEF1A1BB}.Debug|x86.Build.0 = Debug|Win32
		{881B1CDA-8DAA-497D-A812-FD62CEF1A1BB}.Release|x64.ActiveCfg = Release|x64
		{881B1CDA-8DAA-497D-A812-FD62CEF1A1BB}.Release|x64.Build.0 = Release|x64
		{881B1CDA-8DAA-497D-A812-FD62CEF1A1BB}.Release|x86.ActiveCfg = Release|Win32
		{881B1CDA-8DAA-497D-A812-FD62CEF1A1BB}.Release|x86.Build.0 = Release|Win32
		{03B9E233-B948-4A70-A9A9-5A933C1EDB0F}.Debug|x64.ActiveCfg = Debug|x64
		{03B9E233-B948-4A70-A9A9-5A933C1EDB0F}.Debug|x64.Build.0 = Debug|x64
		{03B9E233-B948-4A70-A9A9-5A933C1EDB0F}.Debug|x86.ActiveCfg = Debug|Win32
		{03B9E233-B948-4A70-A9A9-5A933C1EDB0F}.Debug|x86.Build.0 = Debug|Win32
		{03B9E233-B948-4A70-A9A9-5A933C1EDB0F}.Release|x64.ActiveCfg = Release|x64
		{03B9E233-B948-4A70-A9A9-5A933C1EDB0F}.Release|x64.Build.0 = Release|x64
		{03B9E233-B948-4A70-A9A9-5A933C1EDB0F}.Release|x86.ActiveCfg = Release|Win32
		{03B9E233-B948-4A70-A9A9-5A933C1EDB0F}.Release|x86.Build.0 = Release|Win32
		{A02E678F-C25B-4906-97C1-0007A8238904}.Debug|x64.ActiveCfg = Debug|x64
		{A02E678F-C25B-4906-97C1-0007A8238904}.Debug|x64.Build.0 = Debug|x64
		{A02E678F-C25B-4906-97C1-0007A8238904}.Debug|x86.ActiveCfg = Debug|Win32
		{A02E678F-C25B-4906-97C1-0007A8238904}.Debug|x86.Build.0 = Debug|Win32
		{A02E678F-C25B-4906-97C1-0007A8238904}.Release|x64.ActiveCfg = Release|x64
		{A02E678F-C25B-4906-97C1-0007A8238904}.Release|x64.Build.0 = Release|x64
		{A02E678F-C25B-4906-97C1-0007A8238904}.Release|x86.ActiveCfg = Release|Win32
		{A02E678F-C25B-4906-97C1-0007A8238904}.Release|x86.Build.0 = Release|Win32
		{143E2E31-5B7D-4D54-A4EE-D6F572A3E245}.Debug|x64.ActiveCfg = Debug|x64
		{143E2E31-5B7D-4D54-A4EE-D6F572A3E245}.Debug|x64.Build.0 = Debug|x64
		{143E2E31-5B7D-4D54-A4EE-D6F572A3E245}.Debug|x86.ActiveCfg = Debug|Win32
		{143E2E31-5B7D-4D54-A4EE-D6F572A3E245}.Debug|x86.Build.0 = Debug|Win32
		{143E2E31-5B7D-4D54-A4EE-D6F572A3E245}.Release|x64.ActiveCfg = Release|x64
		{143E2E31-5B7D-4D54-A4EE-D6F572A3E245}.Release|x64.Build.0 = Release|x64
		{143E2E31-5B7D-4D54-A4EE-D6F572A3E245}.Release|x86.ActiveCfg = Release|Win32
		{143E2E31-5B7D-4D54-A4EE-D6F572A3E245}.Release|x86.Build.0 = Release|Win32
		{FD7AC8F1-1622-4954-8634-74FAD71D1453}.Debug|x64.ActiveCfg = Debug|x64
		{FD7AC8F1-1622-4954-8634-74FAD71D1453}.Debug|x64.Build.0 = Debug|x64
		{FD7AC8F1-1622-4954-8634-74FAD71D1453}.Debug|x86.ActiveCfg = Debug|Win32
		{FD7AC8F1-1622-4954-8634-74FAD71D1453}.Debug|x86.Build.0 = Debug|Win32
		{FD7AC8F1-1622-4954-8634-74FAD71D1453}.Release|x64.ActiveCfg = Release|x64
		{FD7AC8F1-1622-4954-8634-74FAD71D1453}.Release|x64.Build.0 = Release|x64
		{FD7AC8F1-1622-4954-8634-74FAD71D1453}.Release|x86.ActiveCfg = Release|Win32
		{FD7AC8F1-1622-4954-8634-74FAD71D1453}.Release|x86.Build.0 = Release|Win32
		{D65E28D8-47CF-4D96-A691-7F8CD7D474F1}.Debug|x64.ActiveCfg = Debug|x64
		{D65E28D8-47CF-4D96-A691-7F8CD7D474F1}.Debug|x64.Build.0 = Debug|x64
		{D65E28D8-47CF-4D96-A691-7F8CD7D474F1}.Debug|x86.ActiveCfg = Debug|Win32
		{D65E28D8-47CF-4D96-A691-7F8CD7D474F1}.Debug|x86.Build.0 = Debug|Win32
		{D65E28D8-47CF-4D96-A691-7F8CD7D474F1}.Release|x64.ActiveCfg = Release|x64
		{D65E28D8-47CF-4D96-A691-7F8CD7D474F1}.Release|x64.Build.0 = Release|x64
		{D65E28D8-47CF-4D96-A691-7F8CD7D474F1}.Release|x86.ActiveCfg = Release|Win32
		{D65E28D8-47CF-4D96-A691-7F8CD7D474F1}.Release|x86.Build.0 = Release|Win32
		{875055C5-A9DB-41C5-8F76-7BBA948198BA}.Debug|x64.ActiveCfg = Debug|x64
		{875055C5-A9DB-41C5-8F76-7BBA948198BA}.Debug|x64.Build.0 = Debug|x64
		{875055C5-A9DB-41C5-8F76-7BBA948198BA}.Debug|x86.ActiveCfg = Debug|Win32
		{875055C5-A9DB-41C5-8F76-7BBA948198BA}.Debug|x86.Build.0 = Debug|Win32
		{875055C5-A9DB-41C5-8F76-7BBA948198BA}.Release|x64.ActiveCfg = Release|x64
		{875055C5-A9DB-41C5-8F76-7BBA948198BA}.Release|x64.Build.0 = Release|x64
		{875055C5-A9DB-41C5-8F76-7BBA948198BA}.Release|x86.ActiveCfg = Release|Win32
		{875055C5-A9DB-41C5-8F76-7BBA948198BA}.Release|x86.Build.0 = Release|Win32
		{ADF32B91-F393-42FD-8751-7CB44314EA4E}.Debug|x64.ActiveCfg = Debug|x64
		{ADF32B91-F393-42FD-8751-7CB44314EA4E}.Debug|x64.Build.0 = Debug|x64
		{ADF32B91-F393-42FD-8751-7CB44314EA4E}.Debug|x86.ActiveCfg = Debug|Win32
		{ADF32B91-F393-42FD-8751-7CB44314EA4E}.Debug|x86.Build.0 = Debug|Win32
		{ADF32B91-F393-42FD-8751-7CB44314EA4E}.Release|x64.ActiveCfg = Release|x64
		{ADF32B91-F393-42FD-8751-7CB44314EA4E}.Release|x64.Build.0 = Release|x64
		{ADF32B91-F393-42FD-8751-7CB44314EA4E}.Release|x86.ActiveCfg = Release|Win32
		{ADF32B91-F393-42FD-8751-7CB44314EA4E}.Release|x86.Build.0 = Release|Win32
		{1C6AB2D3-FA2F-4EF9-B654-1760D42CC401}.Debug|x64.ActiveCfg = Debug|x64
		{1C6AB2D3-FA2F-4EF9-B654-1760D42CC401}.Debug|x64.Build.0 = Debug|x64
		{1C6AB2D3-FA2F-4EF9-B654-1760D42CC401}.Debug|x86.ActiveCfg = Debug|Win32
		{1C6AB2D3-FA2F-4EF9-B654-1760D42CC401}.Debug|x86.Build.0 = Debug|Win32
		{1C6AB2D3-FA2F-4EF9-B654-1760D42CC401}.Release|x64.ActiveCfg = Release|x64
		{1C6AB2D3-FA2F-4EF9-B654-1760D42CC401}.Release|x64.Build.0 = Release|x64
		{1C6AB2D3-FA2F-4EF9-B654-1760D42CC401}.Release|x86.ActiveCfg = Release|Win32
		{1C6AB2D3-FA2F-4EF9-B654-1760D42CC401}.Release|x86.Build.0 = Release|Win32
		{6457C10F-236B-47FE-94BD-D2B3E530D4BF}.Debug|x64.ActiveCfg = Debug|x64
		{6457C10F-236B-47FE-94BD-D2B3E530D4BF}.Debug|x64.Build.0 = Debug|x64
		{6457C10F-236B-47FE-94BD-D2B3E530D4BF}.Debug|x86.ActiveCfg = Debug|Win32
		{6457C10F-236B-47FE-94BD-D2B3E530D4BF}.Debug|x86.Build.0 = Debug|Win32
		{6457C10F-236B-47FE-94BD-D2B3E530D4BF}.Release|x64.ActiveCfg = Release|x64
		{6457C10F-236B-47FE-94BD-D2B3E530D4BF}.Release|x64.Build.0 = Release|x64
		{6457C10F-236B-47FE-94BD-D2B3E530D4BF}.Release|x86.ActiveCfg = Release|Win32
		{6457C10F-236B-47FE-94BD-D2B3E530D4BF}.Release|x86.Build.0 = Release|Win32
		{62BF04B1-FE18-4ECF-AED3-09FC4C8D4928}.Debug|x64.ActiveCfg = Debug|x64
		{62BF04B1-FE18-4ECF-AED3-09FC4C8D4928}.Debug|x64.Build.0 = Debug|x64
		{62BF04B1-FE18-4ECF-AED3-09FC4C8D4928}.Debug|x86.ActiveCfg = Debug|Win32
		{62BF04B1-FE18-4ECF-AED3-09FC4C8D4928}.Debug|x86.Build.0 = Debug|Win32
		{62BF04B1-FE18-4ECF-AED3-09FC4C8D4928}.Release|x64.ActiveCfg = Release|x64
		{62BF04B1-FE18-4ECF-AED3-09FC4C8D4928}.Release|x64.Build.0 = Release|x64
		{62BF04B1-FE18-4ECF-AED3-09FC4C8D4928}.Release|x86.ActiveCfg = Release|Win32
		{62BF04B1-FE18-4ECF-AED3-09FC4C8D4928}.Release|x86.Build.0 = Release|Win32
		{F10CC276-ACB9-4EAD-84CE-5A0F094C0487}.Debug|x64.ActiveCfg = Debug|x64
		{F10CC276-ACB9-4EAD-84CE-5A0F094C0487}.Debug|x64.Build.0 = Debug|x64
		{F10CC276-ACB9-4EAD-84CE-5A0F094C0487}.Debug|x86.ActiveCfg = Debug|Win32
		{F10CC276-ACB9-4EAD-84CE-5A0F094C0487}.Debug|x86.Build.0 = Debug|Win32
		{F10CC276-ACB9-4EAD-84CE-5A0F094C0487}.Release|x64.ActiveCfg = Release|x64
		{F10CC276-ACB9-4EAD-84CE-5A0F094C0487}.Release|x64.Build.0 = Release|x64
		{F10CC276-ACB9-4EAD-84CE-5A0F094C0487}.Release|x86.ActiveCfg = Release|Win32
		{F10CC276-ACB9-4EAD-84CE-5A0F094C0487}.Release|x86.Build.0 = Release|Win32
		{6BA0C176-66F4-4955-B9E7-163BE6C2AB5F}.Debug|x64.ActiveCfg = Debug|x64
		{6BA0C176-66F4-4955-B9E7-163BE6C2AB5F}.Debug|x64.Build.0 = Debug|x64
		{6BA0C176-66F4-4955-B9E7-163BE6C2AB5F}.Debug|x86.ActiveCfg = Debug|Win32
		{6BA0C176-66F4-4955-B9E7-163BE6C2AB5F}.Debug|x86.Build.0 = Debug|Win32
		{6BA0C176-66F4-4955-B9E7-163BE6C2AB5F}.Release|x64.ActiveCfg = Release|x64
		{6BA0C176-66F4-4955-B9E7-163BE6C2AB5F}.Release|x64.Build.0 = Release|x64
		{6BA0C176-66F4-4955-B9E7-163BE6C2AB5F}.Release|x86.ActiveCfg = Release|Win32
		{6BA0C176-66F4-4955-B9E7-163BE6C2AB5F}.Release|x86.Build.0 = Release|Win32
		{93427358-D547-4F67-AE88-F84F073F7DCD}.Debug|x64.ActiveCfg = Debug|x64
		{93427358-D547-4F67-AE88-F84F073F7DCD}.Debug|x64.Build.0 = Debug|x64
		{93427358-D547-4F67-AE88-F84F073F7DCD}.Debug|x86.ActiveCfg = Debug|Win32
		{93427358-D547-4F67-AE88-F84F073F7DCD}.Debug|x86.Build.0 = Debug|Win32
		{93427358-D547-4F67-AE88-F84F073F7DCD}.Release|x64.ActiveCfg = Release|x64
		{93427358-D547-4F67-AE88-F84F073F7DCD}.Release|x64.Build.0 = Release|x64
		{93427358-D547-4F67-AE88-F84F073F7DCD}.Release|x86.ActiveCfg = Release|Win32
		{93427358-D547-4F67-AE88-F84F073F7DCD}.Release|x86.Build.0 = Release|Win32
		{7B63BDAD-6F84-49DC-84B0-762F0A9463E1}.Debug|x64.ActiveCfg = Debug|x64
		{7B63BDAD-6F84-49DC-84B0-762F0A9463E1}.Debug|x64.Build.0 = Debug|x64
		{7B63BDAD-6F84-49DC-84B0-762F0A9463E1}.Debug|x86.ActiveCfg = Debug|Win32
		{7B63BDAD-6F84-49DC-84B0-762F0A9463E1}.Debug|x86.Build.0 = Debug|Win32
		{7B63BDAD-6F84-49DC-84B0-762F0A9463E1}.Release|x64.ActiveCfg = Release|x64
		{7B63BDAD-6F84-49DC-84B0-762F0A9463E1}.Release|x64.Build.0 = Release|x64
		{7B63BDAD-6F84-49DC-84B0-762F0A9463E1}.Release|x86.ActiveCfg = Release|Win32
		{7B63BDAD-6F84-49DC-84B0-762F0A9463E1}.Release|x86.Build.0 = Release|Win32
		{D58F0295-6E6C-4165-9220-70A1A9E38AC4}.Debug|x64.ActiveCfg = Debug|x64
		{D58F0295-6E6C-4165-9220-70A1A9E38AC4}.Debug|x64.Build.0 = Debug|x64
		{D58F0295-6E6C-4165-9220-70A1A9E38AC4}.Debug|x86.ActiveCfg = Debug|Win32
		{D58F0295-6E6C-4165-9220-70A1A9E38AC4}.Debug|x86.Build.0 = Debug|Win32
		{D58F0295-6E6C-4165-9220-70A1A9E38AC4}.Release|x64.ActiveCfg = Release|x64
		{D58F0295-6E6C-4165-9220-70A1A9E38AC4}.Release|x64.Build.0 = Release|x64
		{D58F0295-6E6C-4165-9220-70A1A9E38AC4}.Release|x86.ActiveCfg = Release|Win32
		{D58F0295-6E6C-4165-9220-70A1A9E38AC4}.Release|x86.Build.0 = Release|Win32
		{0881A2CA-4B4F-424F-9861-5C2592D020E9}.Debug|x64.ActiveCfg = Debug|x64
		{0881A2CA-4B4F-424F-9861-5C2592D020E9}.Debug|x64.Build.0 = Debug|x64
		{0881A2CA-4B4F-424F-9861-5C2592D020E9}.Debug|x86.ActiveCfg = Debug|Win32
		{0881A2CA-4B4F-424F-9861-5C2592D020E9}.Debug|x86.Build.0 = Debug|Win32
		{0881A2CA-4B4F-424F-9861-5C2592D020E9}.Release|x64.ActiveCfg = Release|x64
		{0881A2CA-4B4F-424F-9861-5C2592D020E9}.Release|x64.Build.0 = Release|x64
		{0881A2CA-4B4F-424F-9861-5C2592D020E9}.Release|x86.ActiveCfg = Release|Win32
		{0881A2CA-4B4F-424F-9861-5C2592D020E9}.Release|x86.Build.0 = Release|Win32
	EndGlobalSection
	GlobalSection(SolutionProperties) = preSolution
		HideSolutionNode = FALSE
	EndGlobalSection
	GlobalSection(ExtensibilityGlobals) = postSolution
		SolutionGuid = {74333699-E2E4-4197-8E78-EB600CF94829}
	EndGlobalSection
EndGlobal
